{
  "name": "mini-rest-logger",
  "version": "0.0.31",
  "lockfileVersion": 1,
  "requires": true,
  "dependencies": {
    "async": {
      "version": "https://registry.npmjs.org/async/-/async-1.0.0.tgz",
      "integrity": "sha1-+PwEyjoTeErenhZBr5hXjPvWR6k="
    },
    "bindings": {
      "version": "1.1.1",
      "resolved": "https://registry.npmjs.org/bindings/-/bindings-1.1.1.tgz",
      "integrity": "sha1-lR964BAwL/xQsmWxJAMgF+0r9vM=",
      "optional": true
    },
    "circular-json": {
      "version": "https://registry.npmjs.org/circular-json/-/circular-json-0.3.1.tgz",
      "integrity": "sha1-vos2rvzN6LPKeqLWr8B6NyQsDS0=",
      "optional": true
    },
    "colors": {
      "version": "https://registry.npmjs.org/colors/-/colors-1.0.3.tgz",
      "integrity": "sha1-BDP0TYCWgP3rYO0mDxsMJi6CpAs="
    },
    "cycle": {
      "version": "https://registry.npmjs.org/cycle/-/cycle-1.0.3.tgz",
      "integrity": "sha1-IegLK+hYD5i0aPN5QwZisEbDStI="
    },
    "eyes": {
      "version": "https://registry.npmjs.org/eyes/-/eyes-0.1.8.tgz",
      "integrity": "sha1-Ys8SAjTGg3hdkCNIqADvPgzCC8A="
    },
    "glossy": {
      "version": "0.1.7",
      "resolved": "https://registry.npmjs.org/glossy/-/glossy-0.1.7.tgz",
      "integrity": "sha1-dptZhKlvYGarnqdYIkgl7mwhDws="
    },
    "isstream": {
      "version": "https://registry.npmjs.org/isstream/-/isstream-0.1.2.tgz",
      "integrity": "sha1-R+Y/evVa+m+S4VAOaQ64uFKcCZo="
    },
    "lodash": {
      "version": "https://registry.npmjs.org/lodash/-/lodash-4.17.4.tgz",
      "integrity": "sha1-eCA6TRwyiuHYbcpkYONptX9AVa4="
    },
    "mini-rest-errors": {
      "version": "https://registry.npmjs.org/mini-rest-errors/-/mini-rest-errors-0.1.12.tgz",
      "integrity": "sha1-DuUDUjSD1RbZZRbUb3HTeUq58Jo=",
      "requires": {
        "lodash": "https://registry.npmjs.org/lodash/-/lodash-4.17.4.tgz",
        "require-dir-all": "https://registry.npmjs.org/require-dir-all/-/require-dir-all-0.4.12.tgz"
      }
    },
    "mini-throttle": {
      "version": "0.0.4",
      "resolved": "https://registry.npmjs.org/mini-throttle/-/mini-throttle-0.0.4.tgz",
      "integrity": "sha1-42YyDzN1GA87MepUbW7ZMUdLvhs="
    },
    "minimist": {
      "version": "https://registry.npmjs.org/minimist/-/minimist-0.0.8.tgz",
      "integrity": "sha1-hX/Kv8M5fSYluCKCYuhqp6ARsF0="
    },
    "mkdirp": {
      "version": "https://registry.npmjs.org/mkdirp/-/mkdirp-0.5.1.tgz",
      "integrity": "sha1-MAV0OOrGz3+MR2fzhkjWaX11yQM=",
      "requires": {
        "minimist": "https://registry.npmjs.org/minimist/-/minimist-0.0.8.tgz"
      }
    },
    "module-parent": {
      "version": "0.0.2",
      "resolved": "https://registry.npmjs.org/module-parent/-/module-parent-0.0.2.tgz",
      "integrity": "sha1-vhy7PLalUGD8hkZ9Ly0s0KYA4Zk="
    },
    "nan": {
      "version": "2.3.5",
      "resolved": "https://registry.npmjs.org/nan/-/nan-2.3.5.tgz",
      "integrity": "sha1-gioNwmYpDOTNOhIoLKPn42Rmigg=",
      "optional": true
    },
    "platform-dependent-modules": {
      "version": "0.0.14",
      "resolved": "https://registry.npmjs.org/platform-dependent-modules/-/platform-dependent-modules-0.0.14.tgz",
      "integrity": "sha1-PFPQQV2BziLc/eFWZdDP1UHUFhc="
    },
    "require-dir-all": {
      "version": "https://registry.npmjs.org/require-dir-all/-/require-dir-all-0.4.12.tgz",
      "integrity": "sha1-7HxyFadukiB5IMlx8VR3aZ6vY6c=",
      "requires": {
        "mini-deep-assign": "https://registry.npmjs.org/mini-deep-assign/-/mini-deep-assign-0.0.8.tgz",
        "module-parent": "0.0.2"
      },
      "dependencies": {
        "mini-deep-assign": {
          "version": "https://registry.npmjs.org/mini-deep-assign/-/mini-deep-assign-0.0.8.tgz",
          "integrity": "sha1-FPpMrZPUfPu0OSeWqLABXn9gy80="
        },
        "module-parent": {
          "version": "0.0.2",
          "resolved": "https://registry.npmjs.org/module-parent/-/module-parent-0.0.2.tgz",
          "integrity": "sha1-vhy7PLalUGD8hkZ9Ly0s0KYA4Zk="
        }
      }
    },
    "stack-trace": {
      "version": "https://registry.npmjs.org/stack-trace/-/stack-trace-0.0.9.tgz",
      "integrity": "sha1-qPbq7KkGdMMz58Q5U/J1tFFRBpU="
    },
    "unix-dgram": {
      "version": "0.2.3",
      "resolved": "https://registry.npmjs.org/unix-dgram/-/unix-dgram-0.2.3.tgz",
      "integrity": "sha1-6rczDx8QQdSPnBedn0xamWyvzrU=",
      "optional": true,
      "requires": {
        "bindings": "1.1.1",
        "nan": "2.3.5"
      }
    },
    "winston": {
      "version": "https://registry.npmjs.org/winston/-/winston-2.4.0.tgz",
      "integrity": "sha1-gIBQuT1SZh7Z+2wms/DIJnCLCu4=",
      "requires": {
        "async": "https://registry.npmjs.org/async/-/async-1.0.0.tgz",
        "colors": "https://registry.npmjs.org/colors/-/colors-1.0.3.tgz",
        "cycle": "https://registry.npmjs.org/cycle/-/cycle-1.0.3.tgz",
        "eyes": "https://registry.npmjs.org/eyes/-/eyes-0.1.8.tgz",
        "isstream": "https://registry.npmjs.org/isstream/-/isstream-0.1.2.tgz",
        "stack-trace": "https://registry.npmjs.org/stack-trace/-/stack-trace-0.0.9.tgz"
      }
    },
    "winston-rsyslog": {
      "version": "0.0.2",
      "resolved": "https://registry.npmjs.org/winston-rsyslog/-/winston-rsyslog-0.0.2.tgz",
      "integrity": "sha1-loPDsLuoFJHFhu/gpqu/kbFUOXw="
    },
    "winston-syslog": {
      "version": "1.2.6",
      "resolved": "https://registry.npmjs.org/winston-syslog/-/winston-syslog-1.2.6.tgz",
      "integrity": "sha1-TnmQ7QqfGTIYfd1uyeA4NXmAlh8=",
      "requires": {
        "cycle": "https://registry.npmjs.org/cycle/-/cycle-1.0.3.tgz",
        "glossy": "0.1.7",
        "unix-dgram": "0.2.3"
      }
    },
    "winston-winlog3": {
      "version": "https://registry.npmjs.org/winston-winlog3/-/winston-winlog3-1.1.2.tgz",
      "integrity": "sha1-eajIourj90uXdYdARS10arDPUXw=",
      "optional": true,
      "requires": {
        "circular-json": "https://registry.npmjs.org/circular-json/-/circular-json-0.3.1.tgz",
        "winston": "https://registry.npmjs.org/winston/-/winston-2.3.1.tgz"
      },
      "dependencies": {
        "winston": {
          "version": "https://registry.npmjs.org/winston/-/winston-2.3.1.tgz",
          "integrity": "sha1-C0hCDZeMAYBM8CMLZIhhWYIloRk=",
          "optional": true,
          "requires": {
            "async": "https://registry.npmjs.org/async/-/async-1.0.0.tgz",
            "colors": "https://registry.npmjs.org/colors/-/colors-1.0.3.tgz",
            "cycle": "https://registry.npmjs.org/cycle/-/cycle-1.0.3.tgz",
            "eyes": "https://registry.npmjs.org/eyes/-/eyes-0.1.8.tgz",
            "isstream": "https://registry.npmjs.org/isstream/-/isstream-0.1.2.tgz",
            "stack-trace": "https://registry.npmjs.org/stack-trace/-/stack-trace-0.0.9.tgz"
          }
        }
      }
    }
  }
}
